
Microsoft Visual Studio Solution File, Format Version 12.00
# Visual Studio Version 17
VisualStudioVersion = 17.9.34723.18
MinimumVisualStudioVersion = 10.0.40219.1
Project("{FAE04EC0-301F-11D3-BF4B-00C04F79EFBC}") = "NathansSpecflowDesktopFramework", "NathansSpecflowDesktopFramework.csproj", "{F91FFA24-E3A0-4D95-A1AB-F9D575E7CDEC}"
EndProject
Global
	GlobalSection(SolutionConfigurationPlatforms) = preSolution
		Debug|Any CPU = Debug|Any CPU
		Release|Any CPU = Release|Any CPU
	EndGlobalSection
	GlobalSection(ProjectConfigurationPlatforms) = postSolution
		{F91FFA24-E3A0-4D95-A1AB-F9D575E7CDEC}.Debug|Any CPU.ActiveCfg = Debug|Any CPU
		{F91FFA24-E3A0-4D95-A1AB-F9D575E7CDEC}.Debug|Any CPU.Build.0 = Debug|Any CPU
		{F91FFA24-E3A0-4D95-A1AB-F9D575E7CDEC}.Release|Any CPU.ActiveCfg = Release|Any CPU
		{F91FFA24-E3A0-4D95-A1AB-F9D575E7CDEC}.Release|Any CPU.Build.0 = Release|Any CPU
	EndGlobalSection
	GlobalSection(SolutionProperties) = preSolution
		HideSolutionNode = FALSE
	EndGlobalSection
	GlobalSection(ExtensibilityGlobals) = postSolution
		SolutionGuid = {D0A75BA2-4A8D-4351-AC2D-D05B0D16DB03}
	EndGlobalSection
EndGlobal
